// !$*UTF8*$!
{
	archiveVersion = 1;
	classes = {
	};
	objectVersion = 56;
	objects = {

/* Begin PBXBuildFile section */
		CE2DCAC92A2C0D34007911DA /* MVVM_DemoApp.swift in Sources */ = {isa = PBXBuildFile; fileRef = CE2DCAC82A2C0D34007911DA /* MVVM_DemoApp.swift */; };
		CE2DCACB2A2C0D34007911DA /* ContentView.swift in Sources */ = {isa = PBXBuildFile; fileRef = CE2DCACA2A2C0D34007911DA /* ContentView.swift */; };
		CE2DCACD2A2C0D38007911DA /* Assets.xcassets in Resources */ = {isa = PBXBuildFile; fileRef = CE2DCACC2A2C0D38007911DA /* Assets.xcassets */; };
		CE2DCAD02A2C0D38007911DA /* Preview Assets.xcassets in Resources */ = {isa = PBXBuildFile; fileRef = CE2DCACF2A2C0D38007911DA /* Preview Assets.xcassets */; };
		CE2DCADD2A2C0E7C007911DA /* Recipe. swift.swift in Sources */ = {isa = PBXBuildFile; fileRef = CE2DCADC2A2C0E7C007911DA /* Recipe. swift.swift */; };
		CE2DCADF2A2C11CD007911DA /* RecipeModel.swift in Sources */ = {isa = PBXBuildFile; fileRef = CE2DCADE2A2C11CD007911DA /* RecipeModel.swift */; };
		CE2DCB032A2EB95B007911DA /* data.json in Resources */ = {isa = PBXBuildFile; fileRef = CE2DCB022A2EB95B007911DA /* data.json */; };
/* End PBXBuildFile section */

/* Begin PBXFileReference section */
		CE2DCAC52A2C0D34007911DA /* MVVM Demo.app */ = {isa = PBXFileReference; explicitFileType = wrapper.application; includeInIndex = 0; path = "MVVM Demo.app"; sourceTree = BUILT_PRODUCTS_DIR; };
		CE2DCAC82A2C0D34007911DA /* MVVM_DemoApp.swift */ = {isa = PBXFileReference; lastKnownFileType = sourcecode.swift; path = MVVM_DemoApp.swift; sourceTree = "<group>"; };
		CE2DCACA2A2C0D34007911DA /* ContentView.swift */ = {isa = PBXFileReference; lastKnownFileType = sourcecode.swift; path = ContentView.swift; sourceTree = "<group>"; usesTabs = 0; };
		CE2DCACC2A2C0D38007911DA /* Assets.xcassets */ = {isa = PBXFileReference; lastKnownFileType = folder.assetcatalog; path = Assets.xcassets; sourceTree = "<group>"; };
		CE2DCACF2A2C0D38007911DA /* Preview Assets.xcassets */ = {isa = PBXFileReference; lastKnownFileType = folder.assetcatalog; path = "Preview Assets.xcassets"; sourceTree = "<group>"; };
		CE2DCADC2A2C0E7C007911DA /* Recipe. swift.swift */ = {isa = PBXFileReference; lastKnownFileType = sourcecode.swift; path = "Recipe. swift.swift"; sourceTree = "<group>"; };
		CE2DCADE2A2C11CD007911DA /* RecipeModel.swift */ = {isa = PBXFileReference; lastKnownFileType = sourcecode.swift; path = RecipeModel.swift; sourceTree = "<group>"; };
		CE2DCB022A2EB95B007911DA /* data.json */ = {isa = PBXFileReference; lastKnownFileType = text.json; path = data.json; sourceTree = "<group>"; };
/* End PBXFileReference section */

/* Begin PBXFrameworksBuildPhase section */
		CE2DCAC22A2C0D34007911DA /* Frameworks */ = {
			isa = PBXFrameworksBuildPhase;
			buildActionMask = 2147483647;
			files = (
			);
			runOnlyForDeploymentPostprocessing = 0;
		};
/* End PBXFrameworksBuildPhase section */

/* Begin PBXGroup section */
		CE2DCABC2A2C0D34007911DA = {
			isa = PBXGroup;
			children = (
				CE2DCAC72A2C0D34007911DA /* MVVM Demo */,
				CE2DCAC62A2C0D34007911DA /* Products */,
			);
			sourceTree = "<group>";
		};
		CE2DCAC62A2C0D34007911DA /* Products */ = {
			isa = PBXGroup;
			children = (
				CE2DCAC52A2C0D34007911DA /* MVVM Demo.app */,
			);
			name = Products;
			sourceTree = "<group>";
		};
		CE2DCAC72A2C0D34007911DA /* MVVM Demo */ = {
			isa = PBXGroup;
			children = (
				CE2DCAC82A2C0D34007911DA /* MVVM_DemoApp.swift */,
				CE2DCADB2A2C0DB0007911DA /* ViewModels */,
				CE2DCAD92A2C0D9A007911DA /* Models */,
				CE2DCAD72A2C0D84007911DA /* Views */,
				CE2DCB012A2EB925007911DA /* Data */,
				CE2DCACC2A2C0D38007911DA /* Assets.xcassets */,
				CE2DCACE2A2C0D38007911DA /* Preview Content */,
			);
			path = "MVVM Demo";
			sourceTree = "<group>";
		};
		CE2DCACE2A2C0D38007911DA /* Preview Content */ = {
			isa = PBXGroup;
			children = (
				CE2DCACF2A2C0D38007911DA /* Preview Assets.xcassets */,
			);
			path = "Preview Content";
			sourceTree = "<group>";
		};
		CE2DCAD72A2C0D84007911DA /* Views */ = {
			isa = PBXGroup;
			children = (
				CE2DCACA2A2C0D34007911DA /* ContentView.swift */,
			);
			path = Views;
			sourceTree = "<group>";
		};
		CE2DCAD92A2C0D9A007911DA /* Models */ = {
			isa = PBXGroup;
			children = (
				CE2DCADC2A2C0E7C007911DA /* Recipe. swift.swift */,
			);
			path = Models;
			sourceTree = "<group>";
		};
		CE2DCADB2A2C0DB0007911DA /* ViewModels */ = {
			isa = PBXGroup;
			children = (
				CE2DCADE2A2C11CD007911DA /* RecipeModel.swift */,
			);
			path = ViewModels;
			sourceTree = "<group>";
		};
		CE2DCB012A2EB925007911DA /* Data */ = {
			isa = PBXGroup;
			children = (
				CE2DCB022A2EB95B007911DA /* data.json */,
			);
			path = Data;
			sourceTree = "<group>";
		};
/* End PBXGroup section */

/* Begin PBXNativeTarget section */
		CE2DCAC42A2C0D34007911DA /* MVVM Demo */ = {
			isa = PBXNativeTarget;
			buildConfigurationList = CE2DCAD32A2C0D38007911DA /* Build configuration list for PBXNativeTarget "MVVM Demo" */;
			buildPhases = (
				CE2DCAC12A2C0D34007911DA /* Sources */,
				CE2DCAC22A2C0D34007911DA /* Frameworks */,
				CE2DCAC32A2C0D34007911DA /* Resources */,
			);
			buildRules = (
			);
			dependencies = (
			);
			name = "MVVM Demo";
			productName = "MVVM Demo";
			productReference = CE2DCAC52A2C0D34007911DA /* MVVM Demo.app */;
			productType = "com.apple.product-type.application";
		};
/* End PBXNativeTarget section */

/* Begin PBXProject section */
		CE2DCABD2A2C0D34007911DA /* Project object */ = {
			isa = PBXProject;
			attributes = {
				BuildIndependentTargetsInParallel = 1;
				LastSwiftUpdateCheck = 1430;
				LastUpgradeCheck = 1430;
				TargetAttributes = {
					CE2DCAC42A2C0D34007911DA = {
						CreatedOnToolsVersion = 14.3;
					};
				};
			};
			buildConfigurationList = CE2DCAC02A2C0D34007911DA /* Build configuration list for PBXProject "MVVM Demo" */;
			compatibilityVersion = "Xcode 14.0";
			developmentRegion = en;
			hasScannedForEncodings = 0;
			knownRegions = (
				en,
				Base,
			);
			mainGroup = CE2DCABC2A2C0D34007911DA;
			productRefGroup = CE2DCAC62A2C0D34007911DA /* Products */;
			projectDirPath = "";
			projectRoot = "";
			targets = (
				CE2DCAC42A2C0D34007911DA /* MVVM Demo */,
			);
		};
/* End PBXProject section */

/* Begin PBXResourcesBuildPhase section */
		CE2DCAC32A2C0D34007911DA /* Resources */ = {
			isa = PBXResourcesBuildPhase;
			buildActionMask = 2147483647;
			files = (
				CE2DCAD02A2C0D38007911DA /* Preview Assets.xcassets in Resources */,
				CE2DCB032A2EB95B007911DA /* data.json in Resources */,
				CE2DCACD2A2C0D38007911DA /* Assets.xcassets in Resources */,
			);
			runOnlyForDeploymentPostprocessing = 0;
		};
/* End PBXResourcesBuildPhase section */

/* Begin PBXSourcesBuildPhase section */
		CE2DCAC12A2C0D34007911DA /* Sources */ = {
			isa = PBXSourcesBuildPhase;
			buildActionMask = 2147483647;
			files = (
				CE2DCACB2A2C0D34007911DA /* ContentView.swift in Sources */,
				CE2DCADF2A2C11CD007911DA /* RecipeModel.swift in Sources */,
				CE2DCAC92A2C0D34007911DA /* MVVM_DemoApp.swift in Sources */,
				CE2DCADD2A2C0E7C007911DA /* Recipe. swift.swift in Sources */,
			);
			runOnlyForDeploymentPostprocessing = 0;
		};
/* End PBXSourcesBuildPhase section */

/* Begin XCBuildConfiguration section */
		CE2DCAD12A2C0D38007911DA /* Debug */ = {
			isa = XCBuildConfiguration;
			buildSettings = {
				ALWAYS_SEARCH_USER_PATHS = NO;
				CLANG_ANALYZER_NONNULL = YES;
				CLANG_ANALYZER_NUMBER_OBJECT_CONVERSION = YES_AGGRESSIVE;
				CLANG_CXX_LANGUAGE_STANDARD = "gnu++20";
				CLANG_ENABLE_MODULES = YES;
				CLANG_ENABLE_OBJC_ARC = YES;
				CLANG_ENABLE_OBJC_WEAK = YES;
				CLANG_WARN_BLOCK_CAPTURE_AUTORELEASING = YES;
				CLANG_WARN_BOOL_CONVERSION = YES;
				CLANG_WARN_COMMA = YES;
				CLANG_WARN_CONSTANT_CONVERSION = YES;
				CLANG_WARN_DEPRECATED_OBJC_IMPLEMENTATIONS = YES;
				CLANG_WARN_DIRECT_OBJC_ISA_USAGE = YES_ERROR;
				CLANG_WARN_DOCUMENTATION_COMMENTS = YES;
				CLANG_WARN_EMPTY_BODY = YES;
				CLANG_WARN_ENUM_CONVERSION = YES;
				CLANG_WARN_INFINITE_RECURSION = YES;
				CLANG_WARN_INT_CONVERSION = YES;
				CLANG_WARN_NON_LITERAL_NULL_CONVERSION = YES;
				CLANG_WARN_OBJC_IMPLICIT_RETAIN_SELF = YES;
				CLANG_WARN_OBJC_LITERAL_CONVERSION = YES;
				CLANG_WARN_OBJC_ROOT_CLASS = YES_ERROR;
				CLANG_WARN_QUOTED_INCLUDE_IN_FRAMEWORK_HEADER = YES;
				CLANG_WARN_RANGE_LOOP_ANALYSIS = YES;
				CLANG_WARN_STRICT_PROTOTYPES = YES;
				CLANG_WARN_SUSPICIOUS_MOVE = YES;
				CLANG_WARN_UNGUARDED_AVAILABILITY = YES_AGGRESSIVE;
				CLANG_WARN_UNREACHABLE_CODE = YES;
				CLANG_WARN__DUPLICATE_METHOD_MATCH = YES;
				COPY_PHASE_STRIP = NO;
				DEBUG_INFORMATION_FORMAT = dwarf;
				ENABLE_STRICT_OBJC_MSGSEND = YES;
				ENABLE_TESTABILITY = YES;
				GCC_C_LANGUAGE_STANDARD = gnu11;
				GCC_DYNAMIC_NO_PIC = NO;
				GCC_NO_COMMON_BLOCKS = YES;
				GCC_OPTIMIZATION_LEVEL = 0;
				GCC_PREPROCESSOR_DEFINITIONS = (
					"DEBUG=1",
					"$(inherited)",
				);
				GCC_WARN_64_TO_32_BIT_CONVERSION = YES;
				GCC_WARN_ABOUT_RETURN_TYPE = YES_ERROR;
				GCC_WARN_UNDECLARED_SELECTOR = YES;
				GCC_WARN_UNINITIALIZED_AUTOS = YES_AGGRESSIVE;
				GCC_WARN_UNUSED_FUNCTION = YES;
				GCC_WARN_UNUSED_VARIABLE = YES;
				IPHONEOS_DEPLOYMENT_TARGET = 16.4;
				MTL_ENABLE_DEBUG_INFO = INCLUDE_SOURCE;
				MTL_FAST_MATH = YES;
				ONLY_ACTIVE_ARCH = YES;
				SDKROOT = iphoneos;
				SWIFT_ACTIVE_COMPILATION_CONDITIONS = DEBUG;
				SWIFT_OPTIMIZATION_LEVEL = "-Onone";
			};
			name = Debug;
		};
		CE2DCAD22A2C0D38007911DA /* Release */ = {
			isa = XCBuildConfiguration;
			buildSettings = {
				ALWAYS_SEARCH_USER_PATHS = NO;
				CLANG_ANALYZER_NONNULL = YES;
				CLANG_ANALYZER_NUMBER_OBJECT_CONVERSION = YES_AGGRESSIVE;
				CLANG_CXX_LANGUAGE_STANDARD = "gnu++20";
				CLANG_ENABLE_MODULES = YES;
				CLANG_ENABLE_OBJC_ARC = YES;
				CLANG_ENABLE_OBJC_WEAK = YES;
				CLANG_WARN_BLOCK_CAPTURE_AUTORELEASING = YES;
				CLANG_WARN_BOOL_CONVERSION = YES;
				CLANG_WARN_COMMA = YES;
				CLANG_WARN_CONSTANT_CONVERSION = YES;
				CLANG_WARN_DEPRECATED_OBJC_IMPLEMENTATIONS = YES;
				CLANG_WARN_DIRECT_OBJC_ISA_USAGE = YES_ERROR;
				CLANG_WARN_DOCUMENTATION_COMMENTS = YES;
				CLANG_WARN_EMPTY_BODY = YES;
				CLANG_WARN_ENUM_CONVERSION = YES;
				CLANG_WARN_INFINITE_RECURSION = YES;
				CLANG_WARN_INT_CONVERSION = YES;
				CLANG_WARN_NON_LITERAL_NULL_CONVERSION = YES;
				CLANG_WARN_OBJC_IMPLICIT_RETAIN_SELF = YES;
				CLANG_WARN_OBJC_LITERAL_CONVERSION = YES;
				CLANG_WARN_OBJC_ROOT_CLASS = YES_ERROR;
				CLANG_WARN_QUOTED_INCLUDE_IN_FRAMEWORK_HEADER = YES;
				CLANG_WARN_RANGE_LOOP_ANALYSIS = YES;
				CLANG_WARN_STRICT_PROTOTYPES = YES;
				CLANG_WARN_SUSPICIOUS_MOVE = YES;
				CLANG_WARN_UNGUARDED_AVAILABILITY = YES_AGGRESSIVE;
				CLANG_WARN_UNREACHABLE_CODE = YES;
				CLANG_WARN__DUPLICATE_METHOD_MATCH = YES;
				COPY_PHASE_STRIP = NO;
				DEBUG_INFORMATION_FORMAT = "dwarf-with-dsym";
				ENABLE_NS_ASSERTIONS = NO;
				ENABLE_STRICT_OBJC_MSGSEND = YES;
				GCC_C_LANGUAGE_STANDARD = gnu11;
				GCC_NO_COMMON_BLOCKS = YES;
				GCC_WARN_64_TO_32_BIT_CONVERSION = YES;
				GCC_WARN_ABOUT_RETURN_TYPE = YES_ERROR;
				GCC_WARN_UNDECLARED_SELECTOR = YES;
				GCC_WARN_UNINITIALIZED_AUTOS = YES_AGGRESSIVE;
				GCC_WARN_UNUSED_FUNCTION = YES;
				GCC_WARN_UNUSED_VARIABLE = YES;
				IPHONEOS_DEPLOYMENT_TARGET = 16.4;
				MTL_ENABLE_DEBUG_INFO = NO;
				MTL_FAST_MATH = YES;
				SDKROOT = iphoneos;
				SWIFT_COMPILATION_MODE = wholemodule;
				SWIFT_OPTIMIZATION_LEVEL = "-O";
				VALIDATE_PRODUCT = YES;
			};
			name = Release;
		};
		CE2DCAD42A2C0D38007911DA /* Debug */ = {
			isa = XCBuildConfiguration;
			buildSettings = {
				ASSETCATALOG_COMPILER_APPICON_NAME = AppIcon;
				ASSETCATALOG_COMPILER_GLOBAL_ACCENT_COLOR_NAME = AccentColor;
				CODE_SIGN_STYLE = Automatic;
				CURRENT_PROJECT_VERSION = 1;
				DEVELOPMENT_ASSET_PATHS = "\"MVVM Demo/Preview Content\"";
				DEVELOPMENT_TEAM = 57PLXM7WLW;
				ENABLE_PREVIEWS = YES;
				GENERATE_INFOPLIST_FILE = YES;
				INFOPLIST_KEY_UIApplicationSceneManifest_Generation = YES;
				INFOPLIST_KEY_UIApplicationSupportsIndirectInputEvents = YES;
				INFOPLIST_KEY_UILaunchScreen_Generation = YES;
				INFOPLIST_KEY_UISupportedInterfaceOrientations_iPad = "UIInterfaceOrientationPortrait UIInterfaceOrientationPortraitUpsideDown UIInterfaceOrientationLandscapeLeft UIInterfaceOrientationLandscapeRight";
				INFOPLIST_KEY_UISupportedInterfaceOrientations_iPhone = "UIInterfaceOrientationPortrait UIInterfaceOrientationLandscapeLeft UIInterfaceOrientationLandscapeRight";
				LD_RUNPATH_SEARCH_PATHS = (
					"$(inherited)",
					"@executable_path/Frameworks",
				);
				MARKETING_VERSION = 1.0;
				PRODUCT_BUNDLE_IDENTIFIER = "com.dougydoug.MVVM-Demo";
				PRODUCT_NAME = "$(TARGET_NAME)";
				SWIFT_EMIT_LOC_STRINGS = YES;
				SWIFT_VERSION = 5.0;
				TARGETED_DEVICE_FAMILY = "1,2";
			};
			name = Debug;
		};
		CE2DCAD52A2C0D38007911DA /* Release */ = {
			isa = XCBuildConfiguration;
			buildSettings = {
				ASSETCATALOG_COMPILER_APPICON_NAME = AppIcon;
				ASSETCATALOG_COMPILER_GLOBAL_ACCENT_COLOR_NAME = AccentColor;
				CODE_SIGN_STYLE = Automatic;
				CURRENT_PROJECT_VERSION = 1;
				DEVELOPMENT_ASSET_PATHS = "\"MVVM Demo/Preview Content\"";
				DEVELOPMENT_TEAM = 57PLXM7WLW;
				ENABLE_PREVIEWS = YES;
				GENERATE_INFOPLIST_FILE = YES;
				INFOPLIST_KEY_UIApplicationSceneManifest_Generation = YES;
				INFOPLIST_KEY_UIApplicationSupportsIndirectInputEvents = YES;
				INFOPLIST_KEY_UILaunchScreen_Generation = YES;
				INFOPLIST_KEY_UISupportedInterfaceOrientations_iPad = "UIInterfaceOrientationPortrait UIInterfaceOrientationPortraitUpsideDown UIInterfaceOrientationLandscapeLeft UIInterfaceOrientationLandscapeRight";
				INFOPLIST_KEY_UISupportedInterfaceOrientations_iPhone = "UIInterfaceOrientationPortrait UIInterfaceOrientationLandscapeLeft UIInterfaceOrientationLandscapeRight";
				LD_RUNPATH_SEARCH_PATHS = (
					"$(inherited)",
					"@executable_path/Frameworks",
				);
				MARKETING_VERSION = 1.0;
				PRODUCT_BUNDLE_IDENTIFIER = "com.dougydoug.MVVM-Demo";
				PRODUCT_NAME = "$(TARGET_NAME)";
				SWIFT_EMIT_LOC_STRINGS = YES;
				SWIFT_VERSION = 5.0;
				TARGETED_DEVICE_FAMILY = "1,2";
			};
			name = Release;
		};
/* End XCBuildConfiguration section */

/* Begin XCConfigurationList section */
		CE2DCAC02A2C0D34007911DA /* Build configuration list for PBXProject "MVVM Demo" */ = {
			isa = XCConfigurationList;
			buildConfigurations = (
				CE2DCAD12A2C0D38007911DA /* Debug */,
				CE2DCAD22A2C0D38007911DA /* Release */,
			);
			defaultConfigurationIsVisible = 0;
			defaultConfigurationName = Release;
		};
		CE2DCAD32A2C0D38007911DA /* Build configuration list for PBXNativeTarget "MVVM Demo" */ = {
			isa = XCConfigurationList;
			buildConfigurations = (
				CE2DCAD42A2C0D38007911DA /* Debug */,
				CE2DCAD52A2C0D38007911DA /* Release */,
			);
			defaultConfigurationIsVisible = 0;
			defaultConfigurationName = Release;
		};
/* End XCConfigurationList section */
	};
	rootObject = CE2DCABD2A2C0D34007911DA /* Project object */;
}
